
Microsoft Visual Studio Solution File, Format Version 12.00
# Visual Studio 15
VisualStudioVersion = 15.0.27703.2047
MinimumVisualStudioVersion = 10.0.40219.1
Project("{FAE04EC0-301F-11D3-BF4B-00C04F79EFBC}") = "DataManagmentSystem", "DataManagmentSystem.csproj", "{6852975F-B6CF-4BF7-971A-D41F5D1C1E03}"
EndProject
Global
	GlobalSection(SolutionConfigurationPlatforms) = preSolution
		Debug|Any CPU = Debug|Any CPU
		Release|Any CPU = Release|Any CPU
	EndGlobalSection
	GlobalSection(ProjectConfigurationPlatforms) = postSolution
		{6852975F-B6CF-4BF7-971A-D41F5D1C1E03}.Debug|Any CPU.ActiveCfg = Debug|Any CPU
		{6852975F-B6CF-4BF7-971A-D41F5D1C1E03}.Debug|Any CPU.Build.0 = Debug|Any CPU
		{6852975F-B6CF-4BF7-971A-D41F5D1C1E03}.Release|Any CPU.ActiveCfg = Release|Any CPU
		{6852975F-B6CF-4BF7-971A-D41F5D1C1E03}.Release|Any CPU.Build.0 = Release|Any CPU
	EndGlobalSection
	GlobalSection(SolutionProperties) = preSolution
		HideSolutionNode = FALSE
	EndGlobalSection
	GlobalSection(ExtensibilityGlobals) = postSolution
		SolutionGuid = {4B79723F-90D2-4090-965E-602FD1326638}
	EndGlobalSection
EndGlobal
